
Microsoft Visual Studio Solution File, Format Version 12.00
# Visual Studio 15
VisualStudioVersion = 15.0.28307.1169
MinimumVisualStudioVersion = 10.0.40219.1
Project("{FAE04EC0-301F-11D3-BF4B-00C04F79EFBC}") = "Lottery", "Lottery\Lottery.csproj", "{6DC6272B-6520-4967-8A3F-309B034E0054}"
EndProject
Global
	GlobalSection(SolutionConfigurationPlatforms) = preSolution
		Debug|Any CPU = Debug|Any CPU
		Release|Any CPU = Release|Any CPU
	EndGlobalSection
	GlobalSection(ProjectConfigurationPlatforms) = postSolution
		{6DC6272B-6520-4967-8A3F-309B034E0054}.Debug|Any CPU.ActiveCfg = Debug|Any CPU
		{6DC6272B-6520-4967-8A3F-309B034E0054}.Debug|Any CPU.Build.0 = Debug|Any CPU
		{6DC6272B-6520-4967-8A3F-309B034E0054}.Release|Any CPU.ActiveCfg = Release|Any CPU
		{6DC6272B-6520-4967-8A3F-309B034E0054}.Release|Any CPU.Build.0 = Release|Any CPU
	EndGlobalSection
	GlobalSection(SolutionProperties) = preSolution
		HideSolutionNode = FALSE
	EndGlobalSection
	GlobalSection(ExtensibilityGlobals) = postSolution
		SolutionGuid = {530C5C50-FFE6-46C1-BF80-6703C986BE13}
	EndGlobalSection
EndGlobal
